
Microsoft Visual Studio Solution File, Format Version 12.00
# Visual Studio Version 17
VisualStudioVersion = 17.14.37203.1
MinimumVisualStudioVersion = 10.0.40219.1
Project("{FAE04EC0-301F-11D3-BF4B-00C04F79EFBC}") = "TicketApi", "TicketApi\TicketApi.csproj", "{6384D764-0C3F-43DE-989B-E1FB65D34040}"
EndProject
Project("{FAE04EC0-301F-11D3-BF4B-00C04F79EFBC}") = "TicketApp", "TicketApp\TicketApp.csproj", "{A3B61EAB-5F5A-433F-AD0B-743610FF238A}"
EndProject
Project("{FAE04EC0-301F-11D3-BF4B-00C04F79EFBC}") = "TicketAspire.AppHost", "TicketAspire\TicketAspire.AppHost\TicketAspire.AppHost.csproj", "{9D620FF5-C63E-4E2B-B2F5-F154152A8A78}"
EndProject
Project("{FAE04EC0-301F-11D3-BF4B-00C04F79EFBC}") = "TicketAspire.ServiceDefaults", "TicketAspire\TicketAspire.ServiceDefaults\TicketAspire.ServiceDefaults.csproj", "{EEA9FCAB-7FB1-4DA3-6723-1B875FE8FB9C}"
EndProject
Project("{FAE04EC0-301F-11D3-BF4B-00C04F79EFBC}") = "TicketAspire.ApiService", "TicketAspire\TicketAspire.ApiService\TicketAspire.ApiService.csproj", "{579B492F-BB6F-18D0-E334-C069306E5516}"
EndProject
Project("{FAE04EC0-301F-11D3-BF4B-00C04F79EFBC}") = "TicketAspire.Web", "TicketAspire\TicketAspire.Web\TicketAspire.Web.csproj", "{1789B195-A312-DAD7-9F20-A7A5593745B1}"
EndProject
Project("{2150E333-8FDC-42A3-9474-1A3956D46DE8}") = "ScriptsBD", "ScriptsBD", "{02EA681E-C7D8-13C7-8484-4AC65E1B71E8}"
EndProject
Project("{2150E333-8FDC-42A3-9474-1A3956D46DE8}") = "ScriptsSQLServer", "ScriptsSQLServer", "{5067BA12-4721-4429-A542-F69427DD295E}"
	ProjectSection(SolutionItems) = preProject
		ScriptsBD\ScriptsSQLServer\TicketSystemDB_CreateDB.sql = ScriptsBD\ScriptsSQLServer\TicketSystemDB_CreateDB.sql
		ScriptsBD\ScriptsSQLServer\TicketSystemDB_CreateTablas.sql = ScriptsBD\ScriptsSQLServer\TicketSystemDB_CreateTablas.sql
		ScriptsBD\ScriptsSQLServer\Tickets_GetAll.sql = ScriptsBD\ScriptsSQLServer\Tickets_GetAll.sql
		ScriptsBD\ScriptsSQLServer\Ticket_DeleteById.sql = ScriptsBD\ScriptsSQLServer\Ticket_DeleteById.sql
		ScriptsBD\ScriptsSQLServer\Ticket_ExistsById.sql = ScriptsBD\ScriptsSQLServer\Ticket_ExistsById.sql
		ScriptsBD\ScriptsSQLServer\Ticket_GetById.sql = ScriptsBD\ScriptsSQLServer\Ticket_GetById.sql
		ScriptsBD\ScriptsSQLServer\Ticket_Insert.sql = ScriptsBD\ScriptsSQLServer\Ticket_Insert.sql
		ScriptsBD\ScriptsSQLServer\Ticket_Update.sql = ScriptsBD\ScriptsSQLServer\Ticket_Update.sql
	EndProjectSection
EndProject
Project("{2150E333-8FDC-42A3-9474-1A3956D46DE8}") = "ScriptsPostgreSQL", "ScriptsPostgreSQL", "{BC40CF66-AC30-4EBA-95AC-FA2FCEF9D34D}"
	ProjectSection(SolutionItems) = preProject
		ScriptsBD\ScriptsPostgreSQL\ScriptCreateDB.sql = ScriptsBD\ScriptsPostgreSQL\ScriptCreateDB.sql
		ScriptsBD\ScriptsPostgreSQL\ScriptCreateTables.sql = ScriptsBD\ScriptsPostgreSQL\ScriptCreateTables.sql
		ScriptsBD\ScriptsPostgreSQL\ScriptFunctions.sql = ScriptsBD\ScriptsPostgreSQL\ScriptFunctions.sql
		ScriptsBD\ScriptsPostgreSQL\ScriptInserts.sql = ScriptsBD\ScriptsPostgreSQL\ScriptInserts.sql
		ScriptsBD\ScriptsPostgreSQL\ScriptStoredProcedures.sql = ScriptsBD\ScriptsPostgreSQL\ScriptStoredProcedures.sql
	EndProjectSection
EndProject
Global
	GlobalSection(SolutionConfigurationPlatforms) = preSolution
		Debug|Any CPU = Debug|Any CPU
		Release|Any CPU = Release|Any CPU
	EndGlobalSection
	GlobalSection(ProjectConfigurationPlatforms) = postSolution
		{6384D764-0C3F-43DE-989B-E1FB65D34040}.Debug|Any CPU.ActiveCfg = Debug|Any CPU
		{6384D764-0C3F-43DE-989B-E1FB65D34040}.Debug|Any CPU.Build.0 = Debug|Any CPU
		{6384D764-0C3F-43DE-989B-E1FB65D34040}.Release|Any CPU.ActiveCfg = Release|Any CPU
		{6384D764-0C3F-43DE-989B-E1FB65D34040}.Release|Any CPU.Build.0 = Release|Any CPU
		{A3B61EAB-5F5A-433F-AD0B-743610FF238A}.Debug|Any CPU.ActiveCfg = Debug|Any CPU
		{A3B61EAB-5F5A-433F-AD0B-743610FF238A}.Debug|Any CPU.Build.0 = Debug|Any CPU
		{A3B61EAB-5F5A-433F-AD0B-743610FF238A}.Release|Any CPU.ActiveCfg = Release|Any CPU
		{A3B61EAB-5F5A-433F-AD0B-743610FF238A}.Release|Any CPU.Build.0 = Release|Any CPU
		{9D620FF5-C63E-4E2B-B2F5-F154152A8A78}.Debug|Any CPU.ActiveCfg = Debug|Any CPU
		{9D620FF5-C63E-4E2B-B2F5-F154152A8A78}.Debug|Any CPU.Build.0 = Debug|Any CPU
		{9D620FF5-C63E-4E2B-B2F5-F154152A8A78}.Release|Any CPU.ActiveCfg = Release|Any CPU
		{9D620FF5-C63E-4E2B-B2F5-F154152A8A78}.Release|Any CPU.Build.0 = Release|Any CPU
		{EEA9FCAB-7FB1-4DA3-6723-1B875FE8FB9C}.Debug|Any CPU.ActiveCfg = Debug|Any CPU
		{EEA9FCAB-7FB1-4DA3-6723-1B875FE8FB9C}.Debug|Any CPU.Build.0 = Debug|Any CPU
		{EEA9FCAB-7FB1-4DA3-6723-1B875FE8FB9C}.Release|Any CPU.ActiveCfg = Release|Any CPU
		{EEA9FCAB-7FB1-4DA3-6723-1B875FE8FB9C}.Release|Any CPU.Build.0 = Release|Any CPU
		{579B492F-BB6F-18D0-E334-C069306E5516}.Debug|Any CPU.ActiveCfg = Debug|Any CPU
		{579B492F-BB6F-18D0-E334-C069306E5516}.Debug|Any CPU.Build.0 = Debug|Any CPU
		{579B492F-BB6F-18D0-E334-C069306E5516}.Release|Any CPU.ActiveCfg = Release|Any CPU
		{579B492F-BB6F-18D0-E334-C069306E5516}.Release|Any CPU.Build.0 = Release|Any CPU
		{1789B195-A312-DAD7-9F20-A7A5593745B1}.Debug|Any CPU.ActiveCfg = Debug|Any CPU
		{1789B195-A312-DAD7-9F20-A7A5593745B1}.Debug|Any CPU.Build.0 = Debug|Any CPU
		{1789B195-A312-DAD7-9F20-A7A5593745B1}.Release|Any CPU.ActiveCfg = Release|Any CPU
		{1789B195-A312-DAD7-9F20-A7A5593745B1}.Release|Any CPU.Build.0 = Release|Any CPU
	EndGlobalSection
	GlobalSection(SolutionProperties) = preSolution
		HideSolutionNode = FALSE
	EndGlobalSection
	GlobalSection(NestedProjects) = preSolution
		{5067BA12-4721-4429-A542-F69427DD295E} = {02EA681E-C7D8-13C7-8484-4AC65E1B71E8}
		{BC40CF66-AC30-4EBA-95AC-FA2FCEF9D34D} = {02EA681E-C7D8-13C7-8484-4AC65E1B71E8}
	EndGlobalSection
	GlobalSection(ExtensibilityGlobals) = postSolution
		SolutionGuid = {D36FB3B8-1539-4EB5-A0AB-2D60A8392A9A}
	EndGlobalSection
EndGlobal
